// !$*UTF8*$!
{
	archiveVersion = 1;
	classes = {
	};
	objectVersion = 46;
	objects = {

/* Begin PBXBuildFile section */
		C0F6CCD31BF6652F000D432D /* AppDelegate.swift in Sources */ = {isa = PBXBuildFile; fileRef = C0F6CCD21BF6652F000D432D /* AppDelegate.swift */; };
		C0F6CCD51BF6652F000D432D /* ViewController.swift in Sources */ = {isa = PBXBuildFile; fileRef = C0F6CCD41BF6652F000D432D /* ViewController.swift */; };
		C0F6CCD81BF66530000D432D /* Main.storyboard in Resources */ = {isa = PBXBuildFile; fileRef = C0F6CCD61BF66530000D432D /* Main.storyboard */; };
		C0F6CCDA1BF66530000D432D /* Assets.xcassets in Resources */ = {isa = PBXBuildFile; fileRef = C0F6CCD91BF66530000D432D /* Assets.xcassets */; };
		C0F6CCDD1BF66530000D432D /* LaunchScreen.storyboard in Resources */ = {isa = PBXBuildFile; fileRef = C0F6CCDB1BF66530000D432D /* LaunchScreen.storyboard */; };
		C0F6CCE81BF66530000D432D /* StormyTests.swift in Sources */ = {isa = PBXBuildFile; fileRef = C0F6CCE71BF66530000D432D /* StormyTests.swift */; };
/* End PBXBuildFile section */

/* Begin PBXContainerItemProxy section */
		C0F6CCE41BF66530000D432D /* PBXContainerItemProxy */ = {
			isa = PBXContainerItemProxy;
			containerPortal = C0F6CCC71BF6652F000D432D /* Project object */;
			proxyType = 1;
			remoteGlobalIDString = C0F6CCCE1BF6652F000D432D;
			remoteInfo = Stormy;
		};
/* End PBXContainerItemProxy section */

/* Begin PBXFileReference section */
		C0F6CCCF1BF6652F000D432D /* Stormy.app */ = {isa = PBXFileReference; explicitFileType = wrapper.application; includeInIndex = 0; path = Stormy.app; sourceTree = BUILT_PRODUCTS_DIR; };
		C0F6CCD21BF6652F000D432D /* AppDelegate.swift */ = {isa = PBXFileReference; lastKnownFileType = sourcecode.swift; path = AppDelegate.swift; sourceTree = "<group>"; };
		C0F6CCD41BF6652F000D432D /* ViewController.swift */ = {isa = PBXFileReference; lastKnownFileType = sourcecode.swift; path = ViewController.swift; sourceTree = "<group>"; };
		C0F6CCD71BF66530000D432D /* Base */ = {isa = PBXFileReference; lastKnownFileType = file.storyboard; name = Base; path = Base.lproj/Main.storyboard; sourceTree = "<group>"; };
		C0F6CCD91BF66530000D432D /* Assets.xcassets */ = {isa = PBXFileReference; lastKnownFileType = folder.assetcatalog; path = Assets.xcassets; sourceTree = "<group>"; };
		C0F6CCDC1BF66530000D432D /* Base */ = {isa = PBXFileReference; lastKnownFileType = file.storyboard; name = Base; path = Base.lproj/LaunchScreen.storyboard; sourceTree = "<group>"; };
		C0F6CCDE1BF66530000D432D /* Info.plist */ = {isa = PBXFileReference; lastKnownFileType = text.plist.xml; path = Info.plist; sourceTree = "<group>"; };
		C0F6CCE31BF66530000D432D /* StormyTests.xctest */ = {isa = PBXFileReference; explicitFileType = wrapper.cfbundle; includeInIndex = 0; path = StormyTests.xctest; sourceTree = BUILT_PRODUCTS_DIR; };
		C0F6CCE71BF66530000D432D /* StormyTests.swift */ = {isa = PBXFileReference; lastKnownFileType = sourcecode.swift; path = StormyTests.swift; sourceTree = "<group>"; };
		C0F6CCE91BF66530000D432D /* Info.plist */ = {isa = PBXFileReference; lastKnownFileType = text.plist.xml; path = Info.plist; sourceTree = "<group>"; };
/* End PBXFileReference section */

/* Begin PBXFrameworksBuildPhase section */
		C0F6CCCC1BF6652F000D432D /* Frameworks */ = {
			isa = PBXFrameworksBuildPhase;
			buildActionMask = 2147483647;
			files = (
			);
			runOnlyForDeploymentPostprocessing = 0;
		};
		C0F6CCE01BF66530000D432D /* Frameworks */ = {
			isa = PBXFrameworksBuildPhase;
			buildActionMask = 2147483647;
			files = (
			);
			runOnlyForDeploymentPostprocessing = 0;
		};
/* End PBXFrameworksBuildPhase section */

/* Begin PBXGroup section */
		C0F6CCC61BF6652F000D432D = {
			isa = PBXGroup;
			children = (
				C0F6CCD11BF6652F000D432D /* Stormy */,
				C0F6CCE61BF66530000D432D /* StormyTests */,
				C0F6CCD01BF6652F000D432D /* Products */,
			);
			sourceTree = "<group>";
		};
		C0F6CCD01BF6652F000D432D /* Products */ = {
			isa = PBXGroup;
			children = (
				C0F6CCCF1BF6652F000D432D /* Stormy.app */,
				C0F6CCE31BF66530000D432D /* StormyTests.xctest */,
			);
			name = Products;
			sourceTree = "<group>";
		};
		C0F6CCD11BF6652F000D432D /* Stormy */ = {
			isa = PBXGroup;
			children = (
				C0F6CCD21BF6652F000D432D /* AppDelegate.swift */,
				C0F6CCD41BF6652F000D432D /* ViewController.swift */,
				C0F6CCD61BF66530000D432D /* Main.storyboard */,
				C0F6CCD91BF66530000D432D /* Assets.xcassets */,
				C0F6CCDB1BF66530000D432D /* LaunchScreen.storyboard */,
				C0F6CCDE1BF66530000D432D /* Info.plist */,
			);
			path = Stormy;
			sourceTree = "<group>";
		};
		C0F6CCE61BF66530000D432D /* StormyTests */ = {
			isa = PBXGroup;
			children = (
				C0F6CCE71BF66530000D432D /* StormyTests.swift */,
				C0F6CCE91BF66530000D432D /* Info.plist */,
			);
			path = StormyTests;
			sourceTree = "<group>";
		};
/* End PBXGroup section */

/* Begin PBXNativeTarget section */
		C0F6CCCE1BF6652F000D432D /* Stormy */ = {
			isa = PBXNativeTarget;
			buildConfigurationList = C0F6CCEC1BF66530000D432D /* Build configuration list for PBXNativeTarget "Stormy" */;
			buildPhases = (
				C0F6CCCB1BF6652F000D432D /* Sources */,
				C0F6CCCC1BF6652F000D432D /* Frameworks */,
				C0F6CCCD1BF6652F000D432D /* Resources */,
			);
			buildRules = (
			);
			dependencies = (
			);
			name = Stormy;
			productName = Stormy;
			productReference = C0F6CCCF1BF6652F000D432D /* Stormy.app */;
			productType = "com.apple.product-type.application";
		};
		C0F6CCE21BF66530000D432D /* StormyTests */ = {
			isa = PBXNativeTarget;
			buildConfigurationList = C0F6CCEF1BF66530000D432D /* Build configuration list for PBXNativeTarget "StormyTests" */;
			buildPhases = (
				C0F6CCDF1BF66530000D432D /* Sources */,
				C0F6CCE01BF66530000D432D /* Frameworks */,
				C0F6CCE11BF66530000D432D /* Resources */,
			);
			buildRules = (
			);
			dependencies = (
				C0F6CCE51BF66530000D432D /* PBXTargetDependency */,
			);
			name = StormyTests;
			productName = StormyTests;
			productReference = C0F6CCE31BF66530000D432D /* StormyTests.xctest */;
			productType = "com.apple.product-type.bundle.unit-test";
		};
/* End PBXNativeTarget section */

/* Begin PBXProject section */
		C0F6CCC71BF6652F000D432D /* Project object */ = {
			isa = PBXProject;
			attributes = {
				LastSwiftUpdateCheck = 0710;
				LastUpgradeCheck = 0710;
				ORGANIZATIONNAME = "Gabriel Coronel";
				TargetAttributes = {
					C0F6CCCE1BF6652F000D432D = {
						CreatedOnToolsVersion = 7.1.1;
					};
					C0F6CCE21BF66530000D432D = {
						CreatedOnToolsVersion = 7.1.1;
						TestTargetID = C0F6CCCE1BF6652F000D432D;
					};
				};
			};
			buildConfigurationList = C0F6CCCA1BF6652F000D432D /* Build configuration list for PBXProject "Stormy" */;
			compatibilityVersion = "Xcode 3.2";
			developmentRegion = English;
			hasScannedForEncodings = 0;
			knownRegions = (
				en,
				Base,
			);
			mainGroup = C0F6CCC61BF6652F000D432D;
			productRefGroup = C0F6CCD01BF6652F000D432D /* Products */;
			projectDirPath = "";
			projectRoot = "";
			targets = (
				C0F6CCCE1BF6652F000D432D /* Stormy */,
				C0F6CCE21BF66530000D432D /* StormyTests */,
			);
		};
/* End PBXProject section */

/* Begin PBXResourcesBuildPhase section */
		C0F6CCCD1BF6652F000D432D /* Resources */ = {
			isa = PBXResourcesBuildPhase;
			buildActionMask = 2147483647;
			files = (
				C0F6CCDD1BF66530000D432D /* LaunchScreen.storyboard in Resources */,
				C0F6CCDA1BF66530000D432D /* Assets.xcassets in Resources */,
				C0F6CCD81BF66530000D432D /* Main.storyboard in Resources */,
			);
			runOnlyForDeploymentPostprocessing = 0;
		};
		C0F6CCE11BF66530000D432D /* Resources */ = {
			isa = PBXResourcesBuildPhase;
			buildActionMask = 2147483647;
			files = (
			);
			runOnlyForDeploymentPostprocessing = 0;
		};
/* End PBXResourcesBuildPhase section */

/* Begin PBXSourcesBuildPhase section */
		C0F6CCCB1BF6652F000D432D /* Sources */ = {
			isa = PBXSourcesBuildPhase;
			buildActionMask = 2147483647;
			files = (
				C0F6CCD51BF6652F000D432D /* ViewController.swift in Sources */,
				C0F6CCD31BF6652F000D432D /* AppDelegate.swift in Sources */,
			);
			runOnlyForDeploymentPostprocessing = 0;
		};
		C0F6CCDF1BF66530000D432D /* Sources */ = {
			isa = PBXSourcesBuildPhase;
			buildActionMask = 2147483647;
			files = (
				C0F6CCE81BF66530000D432D /* StormyTests.swift in Sources */,
			);
			runOnlyForDeploymentPostprocessing = 0;
		};
/* End PBXSourcesBuildPhase section */

/* Begin PBXTargetDependency section */
		C0F6CCE51BF66530000D432D /* PBXTargetDependency */ = {
			isa = PBXTargetDependency;
			target = C0F6CCCE1BF6652F000D432D /* Stormy */;
			targetProxy = C0F6CCE41BF66530000D432D /* PBXContainerItemProxy */;
		};
/* End PBXTargetDependency section */

/* Begin PBXVariantGroup section */
		C0F6CCD61BF66530000D432D /* Main.storyboard */ = {
			isa = PBXVariantGroup;
			children = (
				C0F6CCD71BF66530000D432D /* Base */,
			);
			name = Main.storyboard;
			sourceTree = "<group>";
		};
		C0F6CCDB1BF66530000D432D /* LaunchScreen.storyboard */ = {
			isa = PBXVariantGroup;
			children = (
				C0F6CCDC1BF66530000D432D /* Base */,
			);
			name = LaunchScreen.storyboard;
			sourceTree = "<group>";
		};
/* End PBXVariantGroup section */

/* Begin XCBuildConfiguration section */
		C0F6CCEA1BF66530000D432D /* Debug */ = {
			isa = XCBuildConfiguration;
			buildSettings = {
				ALWAYS_SEARCH_USER_PATHS = NO;
				CLANG_CXX_LANGUAGE_STANDARD = "gnu++0x";
				CLANG_CXX_LIBRARY = "libc++";
				CLANG_ENABLE_MODULES = YES;
				CLANG_ENABLE_OBJC_ARC = YES;
				CLANG_WARN_BOOL_CONVERSION = YES;
				CLANG_WARN_CONSTANT_CONVERSION = YES;
				CLANG_WARN_DIRECT_OBJC_ISA_USAGE = YES_ERROR;
				CLANG_WARN_EMPTY_BODY = YES;
				CLANG_WARN_ENUM_CONVERSION = YES;
				CLANG_WARN_INT_CONVERSION = YES;
				CLANG_WARN_OBJC_ROOT_CLASS = YES_ERROR;
				CLANG_WARN_UNREACHABLE_CODE = YES;
				CLANG_WARN__DUPLICATE_METHOD_MATCH = YES;
				"CODE_SIGN_IDENTITY[sdk=iphoneos*]" = "iPhone Developer";
				COPY_PHASE_STRIP = NO;
				DEBUG_INFORMATION_FORMAT = dwarf;
				ENABLE_STRICT_OBJC_MSGSEND = YES;
				ENABLE_TESTABILITY = YES;
				GCC_C_LANGUAGE_STANDARD = gnu99;
				GCC_DYNAMIC_NO_PIC = NO;
				GCC_NO_COMMON_BLOCKS = YES;
				GCC_OPTIMIZATION_LEVEL = 0;
				GCC_PREPROCESSOR_DEFINITIONS = (
					"DEBUG=1",
					"$(inherited)",
				);
				GCC_WARN_64_TO_32_BIT_CONVERSION = YES;
				GCC_WARN_ABOUT_RETURN_TYPE = YES_ERROR;
				GCC_WARN_UNDECLARED_SELECTOR = YES;
				GCC_WARN_UNINITIALIZED_AUTOS = YES_AGGRESSIVE;
				GCC_WARN_UNUSED_FUNCTION = YES;
				GCC_WARN_UNUSED_VARIABLE = YES;
				IPHONEOS_DEPLOYMENT_TARGET = 9.1;
				MTL_ENABLE_DEBUG_INFO = YES;
				ONLY_ACTIVE_ARCH = YES;
				SDKROOT = iphoneos;
				SWIFT_OPTIMIZATION_LEVEL = "-Onone";
				TARGETED_DEVICE_FAMILY = "1,2";
			};
			name = Debug;
		};
		C0F6CCEB1BF66530000D432D /* Release */ = {
			isa = XCBuildConfiguration;
			buildSettings = {
				ALWAYS_SEARCH_USER_PATHS = NO;
				CLANG_CXX_LANGUAGE_STANDARD = "gnu++0x";
				CLANG_CXX_LIBRARY = "libc++";
				CLANG_ENABLE_MODULES = YES;
				CLANG_ENABLE_OBJC_ARC = YES;
				CLANG_WARN_BOOL_CONVERSION = YES;
				CLANG_WARN_CONSTANT_CONVERSION = YES;
				CLANG_WARN_DIRECT_OBJC_ISA_USAGE = YES_ERROR;
				CLANG_WARN_EMPTY_BODY = YES;
				CLANG_WARN_ENUM_CONVERSION = YES;
				CLANG_WARN_INT_CONVERSION = YES;
				CLANG_WARN_OBJC_ROOT_CLASS = YES_ERROR;
				CLANG_WARN_UNREACHABLE_CODE = YES;
				CLANG_WARN__DUPLICATE_METHOD_MATCH = YES;
				"CODE_SIGN_IDENTITY[sdk=iphoneos*]" = "iPhone Developer";
				COPY_PHASE_STRIP = NO;
				DEBUG_INFORMATION_FORMAT = "dwarf-with-dsym";
				ENABLE_NS_ASSERTIONS = NO;
				ENABLE_STRICT_OBJC_MSGSEND = YES;
				GCC_C_LANGUAGE_STANDARD = gnu99;
				GCC_NO_COMMON_BLOCKS = YES;
				GCC_WARN_64_TO_32_BIT_CONVERSION = YES;
				GCC_WARN_ABOUT_RETURN_TYPE = YES_ERROR;
				GCC_WARN_UNDECLARED_SELECTOR = YES;
				GCC_WARN_UNINITIALIZED_AUTOS = YES_AGGRESSIVE;
				GCC_WARN_UNUSED_FUNCTION = YES;
				GCC_WARN_UNUSED_VARIABLE = YES;
				IPHONEOS_DEPLOYMENT_TARGET = 9.1;
				MTL_ENABLE_DEBUG_INFO = NO;
				SDKROOT = iphoneos;
				TARGETED_DEVICE_FAMILY = "1,2";
				VALIDATE_PRODUCT = YES;
			};
			name = Release;
		};
		C0F6CCED1BF66530000D432D /* Debug */ = {
			isa = XCBuildConfiguration;
			buildSettings = {
				ASSETCATALOG_COMPILER_APPICON_NAME = AppIcon;
				INFOPLIST_FILE = Stormy/Info.plist;
				LD_RUNPATH_SEARCH_PATHS = "$(inherited) @executable_path/Frameworks";
				PRODUCT_BUNDLE_IDENTIFIER = gcoronel.Stormy;
				PRODUCT_NAME = "$(TARGET_NAME)";
			};
			name = Debug;
		};
		C0F6CCEE1BF66530000D432D /* Release */ = {
			isa = XCBuildConfiguration;
			buildSettings = {
				ASSETCATALOG_COMPILER_APPICON_NAME = AppIcon;
				INFOPLIST_FILE = Stormy/Info.plist;
				LD_RUNPATH_SEARCH_PATHS = "$(inherited) @executable_path/Frameworks";
				PRODUCT_BUNDLE_IDENTIFIER = gcoronel.Stormy;
				PRODUCT_NAME = "$(TARGET_NAME)";
			};
			name = Release;
		};
		C0F6CCF01BF66530000D432D /* Debug */ = {
			isa = XCBuildConfiguration;
			buildSettings = {
				BUNDLE_LOADER = "$(TEST_HOST)";
				INFOPLIST_FILE = StormyTests/Info.plist;
				LD_RUNPATH_SEARCH_PATHS = "$(inherited) @executable_path/Frameworks @loader_path/Frameworks";
				PRODUCT_BUNDLE_IDENTIFIER = gcoronel.StormyTests;
				PRODUCT_NAME = "$(TARGET_NAME)";
				TEST_HOST = "$(BUILT_PRODUCTS_DIR)/Stormy.app/Stormy";
			};
			name = Debug;
		};
		C0F6CCF11BF66530000D432D /* Release */ = {
			isa = XCBuildConfiguration;
			buildSettings = {
				BUNDLE_LOADER = "$(TEST_HOST)";
				INFOPLIST_FILE = StormyTests/Info.plist;
				LD_RUNPATH_SEARCH_PATHS = "$(inherited) @executable_path/Frameworks @loader_path/Frameworks";
				PRODUCT_BUNDLE_IDENTIFIER = gcoronel.StormyTests;
				PRODUCT_NAME = "$(TARGET_NAME)";
				TEST_HOST = "$(BUILT_PRODUCTS_DIR)/Stormy.app/Stormy";
			};
			name = Release;
		};
/* End XCBuildConfiguration section */

/* Begin XCConfigurationList section */
		C0F6CCCA1BF6652F000D432D /* Build configuration list for PBXProject "Stormy" */ = {
			isa = XCConfigurationList;
			buildConfigurations = (
				C0F6CCEA1BF66530000D432D /* Debug */,
				C0F6CCEB1BF66530000D432D /* Release */,
			);
			defaultConfigurationIsVisible = 0;
			defaultConfigurationName = Release;
		};
		C0F6CCEC1BF66530000D432D /* Build configuration list for PBXNativeTarget "Stormy" */ = {
			isa = XCConfigurationList;
			buildConfigurations = (
				C0F6CCED1BF66530000D432D /* Debug */,
				C0F6CCEE1BF66530000D432D /* Release */,
			);
			defaultConfigurationIsVisible = 0;
		};
		C0F6CCEF1BF66530000D432D /* Build configuration list for PBXNativeTarget "StormyTests" */ = {
			isa = XCConfigurationList;
			buildConfigurations = (
				C0F6CCF01BF66530000D432D /* Debug */,
				C0F6CCF11BF66530000D432D /* Release */,
			);
			defaultConfigurationIsVisible = 0;
		};
/* End XCConfigurationList section */
	};
	rootObject = C0F6CCC71BF6652F000D432D /* Project object */;
}
